
Microsoft Visual Studio Solution File, Format Version 12.00
# Visual Studio Version 16
VisualStudioVersion = 16.0.29324.140
MinimumVisualStudioVersion = 10.0.40219.1
Project("{FAE04EC0-301F-11D3-BF4B-00C04F79EFBC}") = "lab_2", "lab_2\lab_2.csproj", "{4EE10252-2B88-4443-BE94-771AB42D368D}"
EndProject
Global
	GlobalSection(SolutionConfigurationPlatforms) = preSolution
		Debug|Any CPU = Debug|Any CPU
		Release|Any CPU = Release|Any CPU
	EndGlobalSection
	GlobalSection(ProjectConfigurationPlatforms) = postSolution
		{4EE10252-2B88-4443-BE94-771AB42D368D}.Debug|Any CPU.ActiveCfg = Debug|Any CPU
		{4EE10252-2B88-4443-BE94-771AB42D368D}.Debug|Any CPU.Build.0 = Debug|Any CPU
		{4EE10252-2B88-4443-BE94-771AB42D368D}.Release|Any CPU.ActiveCfg = Release|Any CPU
		{4EE10252-2B88-4443-BE94-771AB42D368D}.Release|Any CPU.Build.0 = Release|Any CPU
	EndGlobalSection
	GlobalSection(SolutionProperties) = preSolution
		HideSolutionNode = FALSE
	EndGlobalSection
	GlobalSection(ExtensibilityGlobals) = postSolution
		SolutionGuid = {024131E8-3F65-4384-9B22-765445257561}
	EndGlobalSection
EndGlobal
